
Microsoft Visual Studio Solution File, Format Version 12.00
# Visual Studio 15
VisualStudioVersion = 15.0.27428.2002
MinimumVisualStudioVersion = 10.0.40219.1
Project("{FAE04EC0-301F-11D3-BF4B-00C04F79EFBC}") = "Test-19-03-18", "Test-19-03-18\Test-19-03-18.csproj", "{BD32C64A-A62C-4BCF-B728-C39F305A37B2}"
EndProject
Global
	GlobalSection(SolutionConfigurationPlatforms) = preSolution
		Debug|Any CPU = Debug|Any CPU
		Release|Any CPU = Release|Any CPU
	EndGlobalSection
	GlobalSection(ProjectConfigurationPlatforms) = postSolution
		{BD32C64A-A62C-4BCF-B728-C39F305A37B2}.Debug|Any CPU.ActiveCfg = Debug|Any CPU
		{BD32C64A-A62C-4BCF-B728-C39F305A37B2}.Debug|Any CPU.Build.0 = Debug|Any CPU
		{BD32C64A-A62C-4BCF-B728-C39F305A37B2}.Release|Any CPU.ActiveCfg = Release|Any CPU
		{BD32C64A-A62C-4BCF-B728-C39F305A37B2}.Release|Any CPU.Build.0 = Release|Any CPU
	EndGlobalSection
	GlobalSection(SolutionProperties) = preSolution
		HideSolutionNode = FALSE
	EndGlobalSection
	GlobalSection(ExtensibilityGlobals) = postSolution
		SolutionGuid = {93BAD8F2-2B86-4331-BA81-1049472EFA6E}
	EndGlobalSection
EndGlobal
